
Microsoft Visual Studio Solution File, Format Version 12.00
# Visual Studio Version 16
VisualStudioVersion = 16.0.37530.7
MinimumVisualStudioVersion = 10.0.40219.1
Project("{FAE04EC0-301F-11D3-BF4B-00C04F79EFBC}") = "Conversor2", "Conversor2.csproj", "{59A4E326-8D3F-4B00-AF83-C1A9C46594CE}"
EndProject
Global
	GlobalSection(SolutionConfigurationPlatforms) = preSolution
		Debug|Any CPU = Debug|Any CPU
		Release|Any CPU = Release|Any CPU
	EndGlobalSection
	GlobalSection(ProjectConfigurationPlatforms) = postSolution
		{59A4E326-8D3F-4B00-AF83-C1A9C46594CE}.Debug|Any CPU.ActiveCfg = Debug|Any CPU
		{59A4E326-8D3F-4B00-AF83-C1A9C46594CE}.Debug|Any CPU.Build.0 = Debug|Any CPU
		{59A4E326-8D3F-4B00-AF83-C1A9C46594CE}.Release|Any CPU.ActiveCfg = Release|Any CPU
		{59A4E326-8D3F-4B00-AF83-C1A9C46594CE}.Release|Any CPU.Build.0 = Release|Any CPU
	EndGlobalSection
	GlobalSection(SolutionProperties) = preSolution
		HideSolutionNode = FALSE
	EndGlobalSection
	GlobalSection(ExtensibilityGlobals) = postSolution
		SolutionGuid = {2FA93C09-7072-46C9-B28F-3B2F8C38517E}
	EndGlobalSection
EndGlobal
