
Microsoft Visual Studio Solution File, Format Version 12.00
# Visual Studio Version 16
VisualStudioVersion = 16.0.37530.7
MinimumVisualStudioVersion = 10.0.40219.1
Project("{FAE04EC0-301F-11D3-BF4B-00C04F79EFBC}") = "Parcial 1", "Parcial 1.csproj", "{FB6A8234-3AFE-4BEF-AA23-F68AA860454E}"
EndProject
Global
	GlobalSection(SolutionConfigurationPlatforms) = preSolution
		Debug|Any CPU = Debug|Any CPU
		Release|Any CPU = Release|Any CPU
	EndGlobalSection
	GlobalSection(ProjectConfigurationPlatforms) = postSolution
		{FB6A8234-3AFE-4BEF-AA23-F68AA860454E}.Debug|Any CPU.ActiveCfg = Debug|Any CPU
		{FB6A8234-3AFE-4BEF-AA23-F68AA860454E}.Debug|Any CPU.Build.0 = Debug|Any CPU
		{FB6A8234-3AFE-4BEF-AA23-F68AA860454E}.Release|Any CPU.ActiveCfg = Release|Any CPU
		{FB6A8234-3AFE-4BEF-AA23-F68AA860454E}.Release|Any CPU.Build.0 = Release|Any CPU
	EndGlobalSection
	GlobalSection(SolutionProperties) = preSolution
		HideSolutionNode = FALSE
	EndGlobalSection
	GlobalSection(ExtensibilityGlobals) = postSolution
		SolutionGuid = {41F2646F-0CB0-442A-9DA6-B081E3A89157}
	EndGlobalSection
EndGlobal
