
Microsoft Visual Studio Solution File, Format Version 12.00
# Visual Studio Version 16
VisualStudioVersion = 16.0.37530.7
MinimumVisualStudioVersion = 10.0.40219.1
Project("{FAE04EC0-301F-11D3-BF4B-00C04F79EFBC}") = "WindowsFormsApp1", "WindowsFormsApp1.csproj", "{2527F5E2-41FA-4A97-B21F-AD5E97586B57}"
EndProject
Global
	GlobalSection(SolutionConfigurationPlatforms) = preSolution
		Debug|Any CPU = Debug|Any CPU
		Release|Any CPU = Release|Any CPU
	EndGlobalSection
	GlobalSection(ProjectConfigurationPlatforms) = postSolution
		{2527F5E2-41FA-4A97-B21F-AD5E97586B57}.Debug|Any CPU.ActiveCfg = Debug|Any CPU
		{2527F5E2-41FA-4A97-B21F-AD5E97586B57}.Debug|Any CPU.Build.0 = Debug|Any CPU
		{2527F5E2-41FA-4A97-B21F-AD5E97586B57}.Release|Any CPU.ActiveCfg = Release|Any CPU
		{2527F5E2-41FA-4A97-B21F-AD5E97586B57}.Release|Any CPU.Build.0 = Release|Any CPU
	EndGlobalSection
	GlobalSection(SolutionProperties) = preSolution
		HideSolutionNode = FALSE
	EndGlobalSection
	GlobalSection(ExtensibilityGlobals) = postSolution
		SolutionGuid = {52946231-7112-4135-85F0-9BBA42F68B77}
	EndGlobalSection
EndGlobal
